
Microsoft Visual Studio Solution File, Format Version 12.00
# Visual Studio Version 17
VisualStudioVersion = 17.5.33516.290
MinimumVisualStudioVersion = 10.0.40219.1
Project("{FAE04EC0-301F-11D3-BF4B-00C04F79EFBC}") = "Week13SQLDB", "Week13SQLDB\Week13SQLDB.csproj", "{CC252487-C854-4A6E-B9FA-C70CBCF886B5}"
EndProject
Global
	GlobalSection(SolutionConfigurationPlatforms) = preSolution
		Debug|Any CPU = Debug|Any CPU
		Release|Any CPU = Release|Any CPU
	EndGlobalSection
	GlobalSection(ProjectConfigurationPlatforms) = postSolution
		{CC252487-C854-4A6E-B9FA-C70CBCF886B5}.Debug|Any CPU.ActiveCfg = Debug|Any CPU
		{CC252487-C854-4A6E-B9FA-C70CBCF886B5}.Debug|Any CPU.Build.0 = Debug|Any CPU
		{CC252487-C854-4A6E-B9FA-C70CBCF886B5}.Release|Any CPU.ActiveCfg = Release|Any CPU
		{CC252487-C854-4A6E-B9FA-C70CBCF886B5}.Release|Any CPU.Build.0 = Release|Any CPU
	EndGlobalSection
	GlobalSection(SolutionProperties) = preSolution
		HideSolutionNode = FALSE
	EndGlobalSection
	GlobalSection(ExtensibilityGlobals) = postSolution
		SolutionGuid = {20CE459C-87CD-4906-BB6C-FFB437312AB1}
	EndGlobalSection
EndGlobal
